
Microsoft Visual Studio Solution File, Format Version 12.00
# Visual Studio Version 17
VisualStudioVersion = 17.4.33122.133
MinimumVisualStudioVersion = 10.0.40219.1
Project("{FAE04EC0-301F-11D3-BF4B-00C04F79EFBC}") = "NetworkProgramming", "NetworkProgramming\NetworkProgramming.csproj", "{DEA11CBF-F6B3-4F32-B92E-8F4A023394F8}"
EndProject
Global
	GlobalSection(SolutionConfigurationPlatforms) = preSolution
		Debug|Any CPU = Debug|Any CPU
		Release|Any CPU = Release|Any CPU
	EndGlobalSection
	GlobalSection(ProjectConfigurationPlatforms) = postSolution
		{DEA11CBF-F6B3-4F32-B92E-8F4A023394F8}.Debug|Any CPU.ActiveCfg = Debug|Any CPU
		{DEA11CBF-F6B3-4F32-B92E-8F4A023394F8}.Debug|Any CPU.Build.0 = Debug|Any CPU
		{DEA11CBF-F6B3-4F32-B92E-8F4A023394F8}.Release|Any CPU.ActiveCfg = Release|Any CPU
		{DEA11CBF-F6B3-4F32-B92E-8F4A023394F8}.Release|Any CPU.Build.0 = Release|Any CPU
	EndGlobalSection
	GlobalSection(SolutionProperties) = preSolution
		HideSolutionNode = FALSE
	EndGlobalSection
	GlobalSection(ExtensibilityGlobals) = postSolution
		SolutionGuid = {278C5015-1615-4C6D-A766-68EC9F80932E}
	EndGlobalSection
EndGlobal
